
Microsoft Visual Studio Solution File, Format Version 12.00
# Visual Studio Version 16
VisualStudioVersion = 16.0.31729.503
MinimumVisualStudioVersion = 10.0.40219.1
Project("{FAE04EC0-301F-11D3-BF4B-00C04F79EFBC}") = "Lab10", "Lab10.csproj", "{086733D9-23F7-4529-AE37-84C06B8D1E8B}"
EndProject
Global
	GlobalSection(SolutionConfigurationPlatforms) = preSolution
		Debug|Any CPU = Debug|Any CPU
		Release|Any CPU = Release|Any CPU
	EndGlobalSection
	GlobalSection(ProjectConfigurationPlatforms) = postSolution
		{086733D9-23F7-4529-AE37-84C06B8D1E8B}.Debug|Any CPU.ActiveCfg = Debug|Any CPU
		{086733D9-23F7-4529-AE37-84C06B8D1E8B}.Debug|Any CPU.Build.0 = Debug|Any CPU
		{086733D9-23F7-4529-AE37-84C06B8D1E8B}.Release|Any CPU.ActiveCfg = Release|Any CPU
		{086733D9-23F7-4529-AE37-84C06B8D1E8B}.Release|Any CPU.Build.0 = Release|Any CPU
	EndGlobalSection
	GlobalSection(SolutionProperties) = preSolution
		HideSolutionNode = FALSE
	EndGlobalSection
	GlobalSection(ExtensibilityGlobals) = postSolution
		SolutionGuid = {753EFD57-A31E-4F62-B506-8E8E4A3FB0FB}
	EndGlobalSection
EndGlobal
