
Microsoft Visual Studio Solution File, Format Version 12.00
# Visual Studio Version 16
VisualStudioVersion = 16.0.31729.503
MinimumVisualStudioVersion = 10.0.40219.1
Project("{FAE04EC0-301F-11D3-BF4B-00C04F79EFBC}") = "Lab 2018_2019", "Lab 2018_2019.csproj", "{6F51E8CB-4BC6-447F-9321-3910A5A2D942}"
EndProject
Global
	GlobalSection(SolutionConfigurationPlatforms) = preSolution
		Debug|Any CPU = Debug|Any CPU
		Release|Any CPU = Release|Any CPU
	EndGlobalSection
	GlobalSection(ProjectConfigurationPlatforms) = postSolution
		{6F51E8CB-4BC6-447F-9321-3910A5A2D942}.Debug|Any CPU.ActiveCfg = Debug|Any CPU
		{6F51E8CB-4BC6-447F-9321-3910A5A2D942}.Debug|Any CPU.Build.0 = Debug|Any CPU
		{6F51E8CB-4BC6-447F-9321-3910A5A2D942}.Release|Any CPU.ActiveCfg = Release|Any CPU
		{6F51E8CB-4BC6-447F-9321-3910A5A2D942}.Release|Any CPU.Build.0 = Release|Any CPU
	EndGlobalSection
	GlobalSection(SolutionProperties) = preSolution
		HideSolutionNode = FALSE
	EndGlobalSection
	GlobalSection(ExtensibilityGlobals) = postSolution
		SolutionGuid = {D3A2FA46-CBB6-4BDA-A7D1-AED434A7B07E}
	EndGlobalSection
EndGlobal
