
Microsoft Visual Studio Solution File, Format Version 12.00
# Visual Studio Version 16
VisualStudioVersion = 16.0.31729.503
MinimumVisualStudioVersion = 10.0.40219.1
Project("{FAE04EC0-301F-11D3-BF4B-00C04F79EFBC}") = "Lab6 2018_2019", "Lab6 2018_2019.csproj", "{0A6C95EF-DCA0-437C-B83E-26D5C786A17F}"
EndProject
Global
	GlobalSection(SolutionConfigurationPlatforms) = preSolution
		Debug|Any CPU = Debug|Any CPU
		Release|Any CPU = Release|Any CPU
	EndGlobalSection
	GlobalSection(ProjectConfigurationPlatforms) = postSolution
		{0A6C95EF-DCA0-437C-B83E-26D5C786A17F}.Debug|Any CPU.ActiveCfg = Debug|Any CPU
		{0A6C95EF-DCA0-437C-B83E-26D5C786A17F}.Debug|Any CPU.Build.0 = Debug|Any CPU
		{0A6C95EF-DCA0-437C-B83E-26D5C786A17F}.Release|Any CPU.ActiveCfg = Release|Any CPU
		{0A6C95EF-DCA0-437C-B83E-26D5C786A17F}.Release|Any CPU.Build.0 = Release|Any CPU
	EndGlobalSection
	GlobalSection(SolutionProperties) = preSolution
		HideSolutionNode = FALSE
	EndGlobalSection
	GlobalSection(ExtensibilityGlobals) = postSolution
		SolutionGuid = {5C993795-907A-40EB-A4AF-41246B3C3821}
	EndGlobalSection
EndGlobal
